// !$*UTF8*$!
{
	archiveVersion = 1;
	classes = {
	};
	objectVersion = 46;
	objects = {

/* Begin PBXBuildFile section */
		39C47C4F1E8E95CA00B3E784 /* AppDelegate.swift in Sources */ = {isa = PBXBuildFile; fileRef = 39C47C4E1E8E95CA00B3E784 /* AppDelegate.swift */; };
		39C47C511E8E95CA00B3E784 /* ViewController.swift in Sources */ = {isa = PBXBuildFile; fileRef = 39C47C501E8E95CA00B3E784 /* ViewController.swift */; };
		39C47C541E8E95CA00B3E784 /* Main.storyboard in Resources */ = {isa = PBXBuildFile; fileRef = 39C47C521E8E95CA00B3E784 /* Main.storyboard */; };
		39C47C571E8E95CA00B3E784 /* RoadTripPlanner.xcdatamodeld in Sources */ = {isa = PBXBuildFile; fileRef = 39C47C551E8E95CA00B3E784 /* RoadTripPlanner.xcdatamodeld */; };
		39C47C591E8E95CA00B3E784 /* Assets.xcassets in Resources */ = {isa = PBXBuildFile; fileRef = 39C47C581E8E95CA00B3E784 /* Assets.xcassets */; };
		39C47C5C1E8E95CA00B3E784 /* LaunchScreen.storyboard in Resources */ = {isa = PBXBuildFile; fileRef = 39C47C5A1E8E95CA00B3E784 /* LaunchScreen.storyboard */; };
/* End PBXBuildFile section */

/* Begin PBXFileReference section */
		39C47C4B1E8E95CA00B3E784 /* RoadTripPlanner.app */ = {isa = PBXFileReference; explicitFileType = wrapper.application; includeInIndex = 0; path = RoadTripPlanner.app; sourceTree = BUILT_PRODUCTS_DIR; };
		39C47C4E1E8E95CA00B3E784 /* AppDelegate.swift */ = {isa = PBXFileReference; lastKnownFileType = sourcecode.swift; path = AppDelegate.swift; sourceTree = "<group>"; };
		39C47C501E8E95CA00B3E784 /* ViewController.swift */ = {isa = PBXFileReference; lastKnownFileType = sourcecode.swift; path = ViewController.swift; sourceTree = "<group>"; };
		39C47C531E8E95CA00B3E784 /* Base */ = {isa = PBXFileReference; lastKnownFileType = file.storyboard; name = Base; path = Base.lproj/Main.storyboard; sourceTree = "<group>"; };
		39C47C561E8E95CA00B3E784 /* RoadTripPlanner.xcdatamodel */ = {isa = PBXFileReference; lastKnownFileType = wrapper.xcdatamodel; path = RoadTripPlanner.xcdatamodel; sourceTree = "<group>"; };
		39C47C581E8E95CA00B3E784 /* Assets.xcassets */ = {isa = PBXFileReference; lastKnownFileType = folder.assetcatalog; path = Assets.xcassets; sourceTree = "<group>"; };
		39C47C5B1E8E95CA00B3E784 /* Base */ = {isa = PBXFileReference; lastKnownFileType = file.storyboard; name = Base; path = Base.lproj/LaunchScreen.storyboard; sourceTree = "<group>"; };
		39C47C5D1E8E95CA00B3E784 /* Info.plist */ = {isa = PBXFileReference; lastKnownFileType = text.plist.xml; path = Info.plist; sourceTree = "<group>"; };
/* End PBXFileReference section */

/* Begin PBXFrameworksBuildPhase section */
		39C47C481E8E95CA00B3E784 /* Frameworks */ = {
			isa = PBXFrameworksBuildPhase;
			buildActionMask = 2147483647;
			files = (
			);
			runOnlyForDeploymentPostprocessing = 0;
		};
/* End PBXFrameworksBuildPhase section */

/* Begin PBXGroup section */
		39C47C421E8E95CA00B3E784 = {
			isa = PBXGroup;
			children = (
				39C47C4D1E8E95CA00B3E784 /* RoadTripPlanner */,
				39C47C4C1E8E95CA00B3E784 /* Products */,
			);
			sourceTree = "<group>";
		};
		39C47C4C1E8E95CA00B3E784 /* Products */ = {
			isa = PBXGroup;
			children = (
				39C47C4B1E8E95CA00B3E784 /* RoadTripPlanner.app */,
			);
			name = Products;
			sourceTree = "<group>";
		};
		39C47C4D1E8E95CA00B3E784 /* RoadTripPlanner */ = {
			isa = PBXGroup;
			children = (
				39C47C4E1E8E95CA00B3E784 /* AppDelegate.swift */,
				39C47C501E8E95CA00B3E784 /* ViewController.swift */,
				39C47C521E8E95CA00B3E784 /* Main.storyboard */,
				39C47C581E8E95CA00B3E784 /* Assets.xcassets */,
				39C47C5A1E8E95CA00B3E784 /* LaunchScreen.storyboard */,
				39C47C5D1E8E95CA00B3E784 /* Info.plist */,
				39C47C551E8E95CA00B3E784 /* RoadTripPlanner.xcdatamodeld */,
			);
			path = RoadTripPlanner;
			sourceTree = "<group>";
		};
/* End PBXGroup section */

/* Begin PBXNativeTarget section */
		39C47C4A1E8E95CA00B3E784 /* RoadTripPlanner */ = {
			isa = PBXNativeTarget;
			buildConfigurationList = 39C47C601E8E95CA00B3E784 /* Build configuration list for PBXNativeTarget "RoadTripPlanner" */;
			buildPhases = (
				39C47C471E8E95CA00B3E784 /* Sources */,
				39C47C481E8E95CA00B3E784 /* Frameworks */,
				39C47C491E8E95CA00B3E784 /* Resources */,
			);
			buildRules = (
			);
			dependencies = (
			);
			name = RoadTripPlanner;
			productName = RoadTripPlanner;
			productReference = 39C47C4B1E8E95CA00B3E784 /* RoadTripPlanner.app */;
			productType = "com.apple.product-type.application";
		};
/* End PBXNativeTarget section */

/* Begin PBXProject section */
		39C47C431E8E95CA00B3E784 /* Project object */ = {
			isa = PBXProject;
			attributes = {
				LastSwiftUpdateCheck = 0830;
				LastUpgradeCheck = 0830;
				ORGANIZATIONNAME = "Safath Zaman";
				TargetAttributes = {
					39C47C4A1E8E95CA00B3E784 = {
						CreatedOnToolsVersion = 8.3;
						DevelopmentTeam = MYUBK669YP;
						ProvisioningStyle = Automatic;
					};
				};
			};
			buildConfigurationList = 39C47C461E8E95CA00B3E784 /* Build configuration list for PBXProject "RoadTripPlanner" */;
			compatibilityVersion = "Xcode 3.2";
			developmentRegion = English;
			hasScannedForEncodings = 0;
			knownRegions = (
				en,
				Base,
			);
			mainGroup = 39C47C421E8E95CA00B3E784;
			productRefGroup = 39C47C4C1E8E95CA00B3E784 /* Products */;
			projectDirPath = "";
			projectRoot = "";
			targets = (
				39C47C4A1E8E95CA00B3E784 /* RoadTripPlanner */,
			);
		};
/* End PBXProject section */

/* Begin PBXResourcesBuildPhase section */
		39C47C491E8E95CA00B3E784 /* Resources */ = {
			isa = PBXResourcesBuildPhase;
			buildActionMask = 2147483647;
			files = (
				39C47C5C1E8E95CA00B3E784 /* LaunchScreen.storyboard in Resources */,
				39C47C591E8E95CA00B3E784 /* Assets.xcassets in Resources */,
				39C47C541E8E95CA00B3E784 /* Main.storyboard in Resources */,
			);
			runOnlyForDeploymentPostprocessing = 0;
		};
/* End PBXResourcesBuildPhase section */

/* Begin PBXSourcesBuildPhase section */
		39C47C471E8E95CA00B3E784 /* Sources */ = {
			isa = PBXSourcesBuildPhase;
			buildActionMask = 2147483647;
			files = (
				39C47C511E8E95CA00B3E784 /* ViewController.swift in Sources */,
				39C47C4F1E8E95CA00B3E784 /* AppDelegate.swift in Sources */,
				39C47C571E8E95CA00B3E784 /* RoadTripPlanner.xcdatamodeld in Sources */,
			);
			runOnlyForDeploymentPostprocessing = 0;
		};
/* End PBXSourcesBuildPhase section */

/* Begin PBXVariantGroup section */
		39C47C521E8E95CA00B3E784 /* Main.storyboard */ = {
			isa = PBXVariantGroup;
			children = (
				39C47C531E8E95CA00B3E784 /* Base */,
			);
			name = Main.storyboard;
			sourceTree = "<group>";
		};
		39C47C5A1E8E95CA00B3E784 /* LaunchScreen.storyboard */ = {
			isa = PBXVariantGroup;
			children = (
				39C47C5B1E8E95CA00B3E784 /* Base */,
			);
			name = LaunchScreen.storyboard;
			sourceTree = "<group>";
		};
/* End PBXVariantGroup section */

/* Begin XCBuildConfiguration section */
		39C47C5E1E8E95CA00B3E784 /* Debug */ = {
			isa = XCBuildConfiguration;
			buildSettings = {
				ALWAYS_SEARCH_USER_PATHS = NO;
				CLANG_ANALYZER_NONNULL = YES;
				CLANG_ANALYZER_NUMBER_OBJECT_CONVERSION = YES_AGGRESSIVE;
				CLANG_CXX_LANGUAGE_STANDARD = "gnu++0x";
				CLANG_CXX_LIBRARY = "libc++";
				CLANG_ENABLE_MODULES = YES;
				CLANG_ENABLE_OBJC_ARC = YES;
				CLANG_WARN_BOOL_CONVERSION = YES;
				CLANG_WARN_CONSTANT_CONVERSION = YES;
				CLANG_WARN_DIRECT_OBJC_ISA_USAGE = YES_ERROR;
				CLANG_WARN_DOCUMENTATION_COMMENTS = YES;
				CLANG_WARN_EMPTY_BODY = YES;
				CLANG_WARN_ENUM_CONVERSION = YES;
				CLANG_WARN_INFINITE_RECURSION = YES;
				CLANG_WARN_INT_CONVERSION = YES;
				CLANG_WARN_OBJC_ROOT_CLASS = YES_ERROR;
				CLANG_WARN_SUSPICIOUS_MOVE = YES;
				CLANG_WARN_UNREACHABLE_CODE = YES;
				CLANG_WARN__DUPLICATE_METHOD_MATCH = YES;
				"CODE_SIGN_IDENTITY[sdk=iphoneos*]" = "iPhone Developer";
				COPY_PHASE_STRIP = NO;
				DEBUG_INFORMATION_FORMAT = dwarf;
				ENABLE_STRICT_OBJC_MSGSEND = YES;
				ENABLE_TESTABILITY = YES;
				GCC_C_LANGUAGE_STANDARD = gnu99;
				GCC_DYNAMIC_NO_PIC = NO;
				GCC_NO_COMMON_BLOCKS = YES;
				GCC_OPTIMIZATION_LEVEL = 0;
				GCC_PREPROCESSOR_DEFINITIONS = (
					"DEBUG=1",
					"$(inherited)",
				);
				GCC_WARN_64_TO_32_BIT_CONVERSION = YES;
				GCC_WARN_ABOUT_RETURN_TYPE = YES_ERROR;
				GCC_WARN_UNDECLARED_SELECTOR = YES;
				GCC_WARN_UNINITIALIZED_AUTOS = YES_AGGRESSIVE;
				GCC_WARN_UNUSED_FUNCTION = YES;
				GCC_WARN_UNUSED_VARIABLE = YES;
				IPHONEOS_DEPLOYMENT_TARGET = 10.3;
				MTL_ENABLE_DEBUG_INFO = YES;
				ONLY_ACTIVE_ARCH = YES;
				SDKROOT = iphoneos;
				SWIFT_ACTIVE_COMPILATION_CONDITIONS = DEBUG;
				SWIFT_OPTIMIZATION_LEVEL = "-Onone";
			};
			name = Debug;
		};
		39C47C5F1E8E95CA00B3E784 /* Release */ = {
			isa = XCBuildConfiguration;
			buildSettings = {
				ALWAYS_SEARCH_USER_PATHS = NO;
				CLANG_ANALYZER_NONNULL = YES;
				CLANG_ANALYZER_NUMBER_OBJECT_CONVERSION = YES_AGGRESSIVE;
				CLANG_CXX_LANGUAGE_STANDARD = "gnu++0x";
				CLANG_CXX_LIBRARY = "libc++";
				CLANG_ENABLE_MODULES = YES;
				CLANG_ENABLE_OBJC_ARC = YES;
				CLANG_WARN_BOOL_CONVERSION = YES;
				CLANG_WARN_CONSTANT_CONVERSION = YES;
				CLANG_WARN_DIRECT_OBJC_ISA_USAGE = YES_ERROR;
				CLANG_WARN_DOCUMENTATION_COMMENTS = YES;
				CLANG_WARN_EMPTY_BODY = YES;
				CLANG_WARN_ENUM_CONVERSION = YES;
				CLANG_WARN_INFINITE_RECURSION = YES;
				CLANG_WARN_INT_CONVERSION = YES;
				CLANG_WARN_OBJC_ROOT_CLASS = YES_ERROR;
				CLANG_WARN_SUSPICIOUS_MOVE = YES;
				CLANG_WARN_UNREACHABLE_CODE = YES;
				CLANG_WARN__DUPLICATE_METHOD_MATCH = YES;
				"CODE_SIGN_IDENTITY[sdk=iphoneos*]" = "iPhone Developer";
				COPY_PHASE_STRIP = NO;
				DEBUG_INFORMATION_FORMAT = "dwarf-with-dsym";
				ENABLE_NS_ASSERTIONS = NO;
				ENABLE_STRICT_OBJC_MSGSEND = YES;
				GCC_C_LANGUAGE_STANDARD = gnu99;
				GCC_NO_COMMON_BLOCKS = YES;
				GCC_WARN_64_TO_32_BIT_CONVERSION = YES;
				GCC_WARN_ABOUT_RETURN_TYPE = YES_ERROR;
				GCC_WARN_UNDECLARED_SELECTOR = YES;
				GCC_WARN_UNINITIALIZED_AUTOS = YES_AGGRESSIVE;
				GCC_WARN_UNUSED_FUNCTION = YES;
				GCC_WARN_UNUSED_VARIABLE = YES;
				IPHONEOS_DEPLOYMENT_TARGET = 10.3;
				MTL_ENABLE_DEBUG_INFO = NO;
				SDKROOT = iphoneos;
				SWIFT_OPTIMIZATION_LEVEL = "-Owholemodule";
				VALIDATE_PRODUCT = YES;
			};
			name = Release;
		};
		39C47C611E8E95CA00B3E784 /* Debug */ = {
			isa = XCBuildConfiguration;
			buildSettings = {
				ASSETCATALOG_COMPILER_APPICON_NAME = AppIcon;
				DEVELOPMENT_TEAM = MYUBK669YP;
				INFOPLIST_FILE = RoadTripPlanner/Info.plist;
				LD_RUNPATH_SEARCH_PATHS = "$(inherited) @executable_path/Frameworks";
				PRODUCT_BUNDLE_IDENTIFIER = MNSU.RoadTripPlanner;
				PRODUCT_NAME = "$(TARGET_NAME)";
				SWIFT_VERSION = 3.0;
			};
			name = Debug;
		};
		39C47C621E8E95CA00B3E784 /* Release */ = {
			isa = XCBuildConfiguration;
			buildSettings = {
				ASSETCATALOG_COMPILER_APPICON_NAME = AppIcon;
				DEVELOPMENT_TEAM = MYUBK669YP;
				INFOPLIST_FILE = RoadTripPlanner/Info.plist;
				LD_RUNPATH_SEARCH_PATHS = "$(inherited) @executable_path/Frameworks";
				PRODUCT_BUNDLE_IDENTIFIER = MNSU.RoadTripPlanner;
				PRODUCT_NAME = "$(TARGET_NAME)";
				SWIFT_VERSION = 3.0;
			};
			name = Release;
		};
/* End XCBuildConfiguration section */

/* Begin XCConfigurationList section */
		39C47C461E8E95CA00B3E784 /* Build configuration list for PBXProject "RoadTripPlanner" */ = {
			isa = XCConfigurationList;
			buildConfigurations = (
				39C47C5E1E8E95CA00B3E784 /* Debug */,
				39C47C5F1E8E95CA00B3E784 /* Release */,
			);
			defaultConfigurationIsVisible = 0;
			defaultConfigurationName = Release;
		};
		39C47C601E8E95CA00B3E784 /* Build configuration list for PBXNativeTarget "RoadTripPlanner" */ = {
			isa = XCConfigurationList;
			buildConfigurations = (
				39C47C611E8E95CA00B3E784 /* Debug */,
				39C47C621E8E95CA00B3E784 /* Release */,
			);
			defaultConfigurationIsVisible = 0;
		};
/* End XCConfigurationList section */

/* Begin XCVersionGroup section */
		39C47C551E8E95CA00B3E784 /* RoadTripPlanner.xcdatamodeld */ = {
			isa = XCVersionGroup;
			children = (
				39C47C561E8E95CA00B3E784 /* RoadTripPlanner.xcdatamodel */,
			);
			currentVersion = 39C47C561E8E95CA00B3E784 /* RoadTripPlanner.xcdatamodel */;
			path = RoadTripPlanner.xcdatamodeld;
			sourceTree = "<group>";
			versionGroupType = wrapper.xcdatamodel;
		};
/* End XCVersionGroup section */
	};
	rootObject = 39C47C431E8E95CA00B3E784 /* Project object */;
}
